
Microsoft Visual Studio Solution File, Format Version 12.00
# Visual Studio Version 16
VisualStudioVersion = 16.0.31313.79
MinimumVisualStudioVersion = 10.0.40219.1
Project("{FAE04EC0-301F-11D3-BF4B-00C04F79EFBC}") = "DogApp", "DogApp\DogApp.csproj", "{00ADF3C9-4333-4A37-B492-412CF48F2354}"
EndProject
Project("{FAE04EC0-301F-11D3-BF4B-00C04F79EFBC}") = "DogTests", "DogTests\DogTests.csproj", "{67649183-48D5-4691-81E7-90AF9C8B1BA9}"
EndProject
Global
	GlobalSection(SolutionConfigurationPlatforms) = preSolution
		Debug|Any CPU = Debug|Any CPU
		Release|Any CPU = Release|Any CPU
	EndGlobalSection
	GlobalSection(ProjectConfigurationPlatforms) = postSolution
		{00ADF3C9-4333-4A37-B492-412CF48F2354}.Debug|Any CPU.ActiveCfg = Debug|Any CPU
		{00ADF3C9-4333-4A37-B492-412CF48F2354}.Debug|Any CPU.Build.0 = Debug|Any CPU
		{00ADF3C9-4333-4A37-B492-412CF48F2354}.Release|Any CPU.ActiveCfg = Release|Any CPU
		{00ADF3C9-4333-4A37-B492-412CF48F2354}.Release|Any CPU.Build.0 = Release|Any CPU
		{67649183-48D5-4691-81E7-90AF9C8B1BA9}.Debug|Any CPU.ActiveCfg = Debug|Any CPU
		{67649183-48D5-4691-81E7-90AF9C8B1BA9}.Debug|Any CPU.Build.0 = Debug|Any CPU
		{67649183-48D5-4691-81E7-90AF9C8B1BA9}.Release|Any CPU.ActiveCfg = Release|Any CPU
		{67649183-48D5-4691-81E7-90AF9C8B1BA9}.Release|Any CPU.Build.0 = Release|Any CPU
	EndGlobalSection
	GlobalSection(SolutionProperties) = preSolution
		HideSolutionNode = FALSE
	EndGlobalSection
	GlobalSection(ExtensibilityGlobals) = postSolution
		SolutionGuid = {2F21B2C5-F5CD-4C10-BB21-69B41CA2A1AF}
	EndGlobalSection
EndGlobal
